lockfileVersion: '9.0'

settings:
  autoInstallPeers: true
  excludeLinksFromLockfile: false

importers:

  .:
    dependencies:
      jotai:
        specifier: ^2.20.1
        version: 2.20.1
      jotai-family:
        specifier: ^1.0.1
        version: 1.0.1(jotai@2.18.0)

packages:

  jotai-family@1.0.1:
    resolution: {integrity: sha512-Zb/79GNDhC/z82R+6qTTpeKW4l4H6ZCApfF5W8G4SH37E4mhbysU7r8DkP0KX94hWvjB/6lt/97nSr3wB+64Zg==}
    engines: {node: '>=12.20.0'}
    peerDependencies:
      jotai: '>=2.9.0'

  jotai@2.18.0:
    resolution: {integrity: sha512-XI38kGWAvtxAZ+cwHcTgJsd+kJOJGf3OfL4XYaXWZMZ7IIY8e53abpIHvtVn1eAgJ5dlgwlGFnP4psrZ/vZbtA==}
    engines: {node: '>=12.20.0'}
    peerDependencies:
      '@babel/core': '>=7.0.0'
      '@babel/template': '>=7.0.0'
      '@types/react': '>=17.0.0'
      react: '>=17.0.0'
    peerDependenciesMeta:
      '@babel/core':
        optional: true
      '@babel/template':
        optional: true
      '@types/react':
        optional: true
      react:
        optional: true

  jotai@2.20.1:
    resolution: {integrity: sha512-dnuKfU/GLi8B28RRMjQ3AfoN7kfzP8o41+AX2FmITZqEMY8PHnjABq+VkEooomLwYaGjda+pgy0yFSjaHX/ZPg==}
    engines: {node: '>=12.20.0'}
    peerDependencies:
      '@babel/core': '>=7.0.0'
      '@babel/template': '>=7.0.0'
      '@types/react': '>=17.0.0'
      react: '>=17.0.0'
    peerDependenciesMeta:
      '@babel/core':
        optional: true
      '@babel/template':
        optional: true
      '@types/react':
        optional: true
      react:
        optional: true

snapshots:

  jotai-family@1.0.1(jotai@2.18.0):
    dependencies:
      jotai: 2.18.0

  jotai@2.18.0: {}

  jotai@2.20.1: {}
