lockfileVersion: '9.0'

settings:
  autoInstallPeers: true
  excludeLinksFromLockfile: false

importers:

  .:
    dependencies:
      jotai:
        specifier: ^2.20.1
        version: 2.20.1
      jotai-family:
        specifier: ^1.0.2
        version: 1.0.2(jotai@2.20.1)

packages:

  jotai-family@1.0.2:
    resolution: {integrity: sha512-U1aTMGxmsmz2Z8gaJD1/ljmMnsmG4/dqrcsfwGbjWV7p6boB9Vy3+75YwUpwPj7GbLNJk9O8rl1VNi8d7+6Rxw==}
    engines: {node: '>=12.20.0'}
    peerDependencies:
      jotai: '>=2.9.0'

  jotai@2.20.1:
    resolution: {integrity: sha512-dnuKfU/GLi8B28RRMjQ3AfoN7kfzP8o41+AX2FmITZqEMY8PHnjABq+VkEooomLwYaGjda+pgy0yFSjaHX/ZPg==}
    engines: {node: '>=12.20.0'}
    peerDependencies:
      '@babel/core': '>=7.0.0'
      '@babel/template': '>=7.0.0'
      '@types/react': '>=17.0.0'
      react: '>=17.0.0'
    peerDependenciesMeta:
      '@babel/core':
        optional: true
      '@babel/template':
        optional: true
      '@types/react':
        optional: true
      react:
        optional: true

snapshots:

  jotai-family@1.0.2(jotai@2.20.1):
    dependencies:
      jotai: 2.20.1

  jotai@2.20.1: {}
